
Microsoft Visual Studio Solution File, Format Version 12.00
# Visual Studio 2012
Project("{FAE04EC0-301F-11D3-BF4B-00C04F79EFBC}") = "SoftwareForge.Mvc", "SoftwareForge.Mvc\SoftwareForge.Mvc.csproj", "{013F4232-3B85-42C1-98CB-F57F4BBBF2C5}"
EndProject
Project("{FAE04EC0-301F-11D3-BF4B-00C04F79EFBC}") = "SoftwareForge.Mvc.Tests", "SoftwareForge.Mvc.Tests\SoftwareForge.Mvc.Tests.csproj", "{CC690D4F-80A9-4DB6-B50D-D295365530F3}"
EndProject
Project("{FAE04EC0-301F-11D3-BF4B-00C04F79EFBC}") = "SoftwareForge.Common", "..\SoftwareForge.Common\SoftwareForge.Common\SoftwareForge.Common.csproj", "{A73AD4D8-B74B-4E4F-97D3-C8E5078FED36}"
EndProject
Project("{2150E333-8FDC-42A3-9474-1A3956D46DE8}") = ".nuget", ".nuget", "{11614EF4-5F55-4BBE-A667-8F0E6F9C9A4A}"
	ProjectSection(SolutionItems) = preProject
		.nuget\NuGet.Config = .nuget\NuGet.Config
		.nuget\NuGet.targets = .nuget\NuGet.targets
	EndProjectSection
EndProject
Global
	GlobalSection(SolutionConfigurationPlatforms) = preSolution
		Debug|Any CPU = Debug|Any CPU
		Release|Any CPU = Release|Any CPU
	EndGlobalSection
	GlobalSection(ProjectConfigurationPlatforms) = postSolution
		{013F4232-3B85-42C1-98CB-F57F4BBBF2C5}.Debug|Any CPU.ActiveCfg = Debug|Any CPU
		{013F4232-3B85-42C1-98CB-F57F4BBBF2C5}.Debug|Any CPU.Build.0 = Debug|Any CPU
		{013F4232-3B85-42C1-98CB-F57F4BBBF2C5}.Release|Any CPU.ActiveCfg = Release|Any CPU
		{013F4232-3B85-42C1-98CB-F57F4BBBF2C5}.Release|Any CPU.Build.0 = Release|Any CPU
		{CC690D4F-80A9-4DB6-B50D-D295365530F3}.Debug|Any CPU.ActiveCfg = Debug|Any CPU
		{CC690D4F-80A9-4DB6-B50D-D295365530F3}.Debug|Any CPU.Build.0 = Debug|Any CPU
		{CC690D4F-80A9-4DB6-B50D-D295365530F3}.Release|Any CPU.ActiveCfg = Release|Any CPU
		{CC690D4F-80A9-4DB6-B50D-D295365530F3}.Release|Any CPU.Build.0 = Release|Any CPU
		{A73AD4D8-B74B-4E4F-97D3-C8E5078FED36}.Debug|Any CPU.ActiveCfg = Debug|Any CPU
		{A73AD4D8-B74B-4E4F-97D3-C8E5078FED36}.Debug|Any CPU.Build.0 = Debug|Any CPU
		{A73AD4D8-B74B-4E4F-97D3-C8E5078FED36}.Release|Any CPU.ActiveCfg = Release|Any CPU
		{A73AD4D8-B74B-4E4F-97D3-C8E5078FED36}.Release|Any CPU.Build.0 = Release|Any CPU
	EndGlobalSection
	GlobalSection(SolutionProperties) = preSolution
		HideSolutionNode = FALSE
	EndGlobalSection
EndGlobal
