
Microsoft Visual Studio Solution File, Format Version 12.00
# Visual Studio 2012
Project("{FAE04EC0-301F-11D3-BF4B-00C04F79EFBC}") = "SoftwareForge.TfsService", "SoftwareForge.TfsService\SoftwareForge.TfsService.csproj", "{AE9C9B2F-EAE8-4DE4-88AF-73E164157158}"
EndProject
Project("{FAE04EC0-301F-11D3-BF4B-00C04F79EFBC}") = "SoftwareForge.TfsService.UnitTests", "SoftwareForge.TfsService.UnitTests\SoftwareForge.TfsService.UnitTests.csproj", "{3AE0FC0E-0F26-422D-85FF-6BFC26ED9D34}"
EndProject
Project("{FAE04EC0-301F-11D3-BF4B-00C04F79EFBC}") = "SoftwareForge.Common", "..\SoftwareForge.Common\SoftwareForge.Common\SoftwareForge.Common.csproj", "{A73AD4D8-B74B-4E4F-97D3-C8E5078FED36}"
EndProject
Project("{FAE04EC0-301F-11D3-BF4B-00C04F79EFBC}") = "SoftwareForge.WebApi", "SoftwareForge.WebApi\SoftwareForge.WebApi.csproj", "{37E82797-A6B0-41AA-A070-8A74D537FA27}"
EndProject
Project("{FAE04EC0-301F-11D3-BF4B-00C04F79EFBC}") = "SoftwareForge.WebApi.Tests", "SoftwareForge.WebApi.Tests\SoftwareForge.WebApi.Tests.csproj", "{D5CBB1B9-2AEC-4550-909C-533E74412C5E}"
EndProject
Project("{FAE04EC0-301F-11D3-BF4B-00C04F79EFBC}") = "SoftwareForge.DbService", "SoftwareForge.DbService\SoftwareForge.DbService.csproj", "{7F856256-365F-489C-8FB6-2ADB46D21E41}"
EndProject
Project("{2150E333-8FDC-42A3-9474-1A3956D46DE8}") = ".nuget", ".nuget", "{FDD74544-895E-44F1-ADEC-31204A7CB393}"
	ProjectSection(SolutionItems) = preProject
		.nuget\NuGet.Config = .nuget\NuGet.Config
		.nuget\NuGet.exe = .nuget\NuGet.exe
		.nuget\NuGet.targets = .nuget\NuGet.targets
	EndProjectSection
EndProject
Global
	GlobalSection(SolutionConfigurationPlatforms) = preSolution
		Debug|Any CPU = Debug|Any CPU
		Release|Any CPU = Release|Any CPU
	EndGlobalSection
	GlobalSection(ProjectConfigurationPlatforms) = postSolution
		{AE9C9B2F-EAE8-4DE4-88AF-73E164157158}.Debug|Any CPU.ActiveCfg = Debug|Any CPU
		{AE9C9B2F-EAE8-4DE4-88AF-73E164157158}.Debug|Any CPU.Build.0 = Debug|Any CPU
		{AE9C9B2F-EAE8-4DE4-88AF-73E164157158}.Release|Any CPU.ActiveCfg = Release|Any CPU
		{AE9C9B2F-EAE8-4DE4-88AF-73E164157158}.Release|Any CPU.Build.0 = Release|Any CPU
		{3AE0FC0E-0F26-422D-85FF-6BFC26ED9D34}.Debug|Any CPU.ActiveCfg = Debug|Any CPU
		{3AE0FC0E-0F26-422D-85FF-6BFC26ED9D34}.Debug|Any CPU.Build.0 = Debug|Any CPU
		{3AE0FC0E-0F26-422D-85FF-6BFC26ED9D34}.Release|Any CPU.ActiveCfg = Release|Any CPU
		{3AE0FC0E-0F26-422D-85FF-6BFC26ED9D34}.Release|Any CPU.Build.0 = Release|Any CPU
		{A73AD4D8-B74B-4E4F-97D3-C8E5078FED36}.Debug|Any CPU.ActiveCfg = Debug|Any CPU
		{A73AD4D8-B74B-4E4F-97D3-C8E5078FED36}.Debug|Any CPU.Build.0 = Debug|Any CPU
		{A73AD4D8-B74B-4E4F-97D3-C8E5078FED36}.Release|Any CPU.ActiveCfg = Release|Any CPU
		{A73AD4D8-B74B-4E4F-97D3-C8E5078FED36}.Release|Any CPU.Build.0 = Release|Any CPU
		{37E82797-A6B0-41AA-A070-8A74D537FA27}.Debug|Any CPU.ActiveCfg = Debug|Any CPU
		{37E82797-A6B0-41AA-A070-8A74D537FA27}.Debug|Any CPU.Build.0 = Debug|Any CPU
		{37E82797-A6B0-41AA-A070-8A74D537FA27}.Release|Any CPU.ActiveCfg = Release|Any CPU
		{37E82797-A6B0-41AA-A070-8A74D537FA27}.Release|Any CPU.Build.0 = Release|Any CPU
		{D5CBB1B9-2AEC-4550-909C-533E74412C5E}.Debug|Any CPU.ActiveCfg = Debug|Any CPU
		{D5CBB1B9-2AEC-4550-909C-533E74412C5E}.Debug|Any CPU.Build.0 = Debug|Any CPU
		{D5CBB1B9-2AEC-4550-909C-533E74412C5E}.Release|Any CPU.ActiveCfg = Release|Any CPU
		{D5CBB1B9-2AEC-4550-909C-533E74412C5E}.Release|Any CPU.Build.0 = Release|Any CPU
		{7F856256-365F-489C-8FB6-2ADB46D21E41}.Debug|Any CPU.ActiveCfg = Debug|Any CPU
		{7F856256-365F-489C-8FB6-2ADB46D21E41}.Debug|Any CPU.Build.0 = Debug|Any CPU
		{7F856256-365F-489C-8FB6-2ADB46D21E41}.Release|Any CPU.ActiveCfg = Release|Any CPU
		{7F856256-365F-489C-8FB6-2ADB46D21E41}.Release|Any CPU.Build.0 = Release|Any CPU
	EndGlobalSection
	GlobalSection(SolutionProperties) = preSolution
		HideSolutionNode = FALSE
	EndGlobalSection
EndGlobal
